
Microsoft Visual Studio Solution File, Format Version 12.00
# Visual Studio Version 16
VisualStudioVersion = 16.0.30621.155
MinimumVisualStudioVersion = 10.0.40219.1
Project("{FAE04EC0-301F-11D3-BF4B-00C04F79EFBC}") = "eShopSolution.WebApp", "eShopSolution.WebApp\eShopSolution.WebApp.csproj", "{8DD11592-2A6A-447D-939A-6B901AA34656}"
EndProject
Global
	GlobalSection(SolutionConfigurationPlatforms) = preSolution
		Debug|Any CPU = Debug|Any CPU
		Release|Any CPU = Release|Any CPU
	EndGlobalSection
	GlobalSection(ProjectConfigurationPlatforms) = postSolution
		{8DD11592-2A6A-447D-939A-6B901AA34656}.Debug|Any CPU.ActiveCfg = Debug|Any CPU
		{8DD11592-2A6A-447D-939A-6B901AA34656}.Debug|Any CPU.Build.0 = Debug|Any CPU
		{8DD11592-2A6A-447D-939A-6B901AA34656}.Release|Any CPU.ActiveCfg = Release|Any CPU
		{8DD11592-2A6A-447D-939A-6B901AA34656}.Release|Any CPU.Build.0 = Release|Any CPU
	EndGlobalSection
	GlobalSection(SolutionProperties) = preSolution
		HideSolutionNode = FALSE
	EndGlobalSection
	GlobalSection(ExtensibilityGlobals) = postSolution
		SolutionGuid = {211E524B-82CD-4352-920A-B8E3E22DE1B6}
	EndGlobalSection
EndGlobal
